
Microsoft Visual Studio Solution File, Format Version 12.00
# Visual Studio Version 17
VisualStudioVersion = 17.10.34928.147
MinimumVisualStudioVersion = 10.0.40219.1
Project("{FAE04EC0-301F-11D3-BF4B-00C04F79EFBC}") = "Login_Registration", "Login_Registration.csproj", "{D0124B2D-643C-49DE-B616-07FE7E8C9668}"
EndProject
Global
	GlobalSection(SolutionConfigurationPlatforms) = preSolution
		Debug|Any CPU = Debug|Any CPU
		Release|Any CPU = Release|Any CPU
	EndGlobalSection
	GlobalSection(ProjectConfigurationPlatforms) = postSolution
		{D0124B2D-643C-49DE-B616-07FE7E8C9668}.Debug|Any CPU.ActiveCfg = Debug|Any CPU
		{D0124B2D-643C-49DE-B616-07FE7E8C9668}.Debug|Any CPU.Build.0 = Debug|Any CPU
		{D0124B2D-643C-49DE-B616-07FE7E8C9668}.Release|Any CPU.ActiveCfg = Release|Any CPU
		{D0124B2D-643C-49DE-B616-07FE7E8C9668}.Release|Any CPU.Build.0 = Release|Any CPU
	EndGlobalSection
	GlobalSection(SolutionProperties) = preSolution
		HideSolutionNode = FALSE
	EndGlobalSection
	GlobalSection(ExtensibilityGlobals) = postSolution
		SolutionGuid = {908477E3-D7BA-4347-8760-8CAD0F09B844}
	EndGlobalSection
EndGlobal
